
Microsoft Visual Studio Solution File, Format Version 12.00
# Visual Studio Version 16
VisualStudioVersion = 16.0.31702.278
MinimumVisualStudioVersion = 10.0.40219.1
Project("{FAE04EC0-301F-11D3-BF4B-00C04F79EFBC}") = "console-generics", "console-generics\console-generics.csproj", "{76E7155D-5395-47C1-89E4-7B6A2D4C7467}"
EndProject
Global
	GlobalSection(SolutionConfigurationPlatforms) = preSolution
		Debug|Any CPU = Debug|Any CPU
		Release|Any CPU = Release|Any CPU
	EndGlobalSection
	GlobalSection(ProjectConfigurationPlatforms) = postSolution
		{76E7155D-5395-47C1-89E4-7B6A2D4C7467}.Debug|Any CPU.ActiveCfg = Debug|Any CPU
		{76E7155D-5395-47C1-89E4-7B6A2D4C7467}.Debug|Any CPU.Build.0 = Debug|Any CPU
		{76E7155D-5395-47C1-89E4-7B6A2D4C7467}.Release|Any CPU.ActiveCfg = Release|Any CPU
		{76E7155D-5395-47C1-89E4-7B6A2D4C7467}.Release|Any CPU.Build.0 = Release|Any CPU
	EndGlobalSection
	GlobalSection(SolutionProperties) = preSolution
		HideSolutionNode = FALSE
	EndGlobalSection
	GlobalSection(ExtensibilityGlobals) = postSolution
		SolutionGuid = {6588C24E-2056-4663-BD97-66486AF8CF8D}
	EndGlobalSection
EndGlobal
